
Microsoft Visual Studio Solution File, Format Version 12.00
# Visual Studio Version 17
VisualStudioVersion = 17.13.35919.96
MinimumVisualStudioVersion = 10.0.40219.1
Project("{FAE04EC0-301F-11D3-BF4B-00C04F79EFBC}") = "TpDatos", "TpDatos.csproj", "{622CF6E9-5EC0-4CDB-9102-659CEE4F731A}"
EndProject
Global
	GlobalSection(SolutionConfigurationPlatforms) = preSolution
		Debug|Any CPU = Debug|Any CPU
		Release|Any CPU = Release|Any CPU
	EndGlobalSection
	GlobalSection(ProjectConfigurationPlatforms) = postSolution
		{622CF6E9-5EC0-4CDB-9102-659CEE4F731A}.Debug|Any CPU.ActiveCfg = Debug|Any CPU
		{622CF6E9-5EC0-4CDB-9102-659CEE4F731A}.Debug|Any CPU.Build.0 = Debug|Any CPU
		{622CF6E9-5EC0-4CDB-9102-659CEE4F731A}.Release|Any CPU.ActiveCfg = Release|Any CPU
		{622CF6E9-5EC0-4CDB-9102-659CEE4F731A}.Release|Any CPU.Build.0 = Release|Any CPU
	EndGlobalSection
	GlobalSection(SolutionProperties) = preSolution
		HideSolutionNode = FALSE
	EndGlobalSection
	GlobalSection(ExtensibilityGlobals) = postSolution
		SolutionGuid = {C92DF696-B9C7-461C-893E-BAD5E6E494D3}
	EndGlobalSection
EndGlobal
